
Microsoft Visual Studio Solution File, Format Version 12.00
# Visual Studio Version 17
VisualStudioVersion = 17.4.33213.308
MinimumVisualStudioVersion = 10.0.40219.1
Project("{FAE04EC0-301F-11D3-BF4B-00C04F79EFBC}") = "API", "API.csproj", "{F6C217DC-05F5-4461-A6E0-6F311916CE17}"
EndProject
Global
	GlobalSection(SolutionConfigurationPlatforms) = preSolution
		Debug|Any CPU = Debug|Any CPU
		Release|Any CPU = Release|Any CPU
	EndGlobalSection
	GlobalSection(ProjectConfigurationPlatforms) = postSolution
		{F6C217DC-05F5-4461-A6E0-6F311916CE17}.Debug|Any CPU.ActiveCfg = Debug|Any CPU
		{F6C217DC-05F5-4461-A6E0-6F311916CE17}.Debug|Any CPU.Build.0 = Debug|Any CPU
		{F6C217DC-05F5-4461-A6E0-6F311916CE17}.Release|Any CPU.ActiveCfg = Release|Any CPU
		{F6C217DC-05F5-4461-A6E0-6F311916CE17}.Release|Any CPU.Build.0 = Release|Any CPU
	EndGlobalSection
	GlobalSection(SolutionProperties) = preSolution
		HideSolutionNode = FALSE
	EndGlobalSection
	GlobalSection(ExtensibilityGlobals) = postSolution
		SolutionGuid = {0348148E-74B4-4CAE-8E7F-09E4DBEA8E2F}
	EndGlobalSection
EndGlobal
